
Microsoft Visual Studio Solution File, Format Version 12.00
# Visual Studio Version 17
VisualStudioVersion = 17.5.002.0
MinimumVisualStudioVersion = 10.0.40219.1
Project("{9A19103F-16F7-4668-BE54-9A1E7A4F7556}") = "set 1-3 nmr 3", "set 1-3 nmr 3.csproj", "{FA979AE3-6E28-482D-9B67-D327E87F2375}"
EndProject
Global
	GlobalSection(SolutionConfigurationPlatforms) = preSolution
		Debug|Any CPU = Debug|Any CPU
		Release|Any CPU = Release|Any CPU
	EndGlobalSection
	GlobalSection(ProjectConfigurationPlatforms) = postSolution
		{FA979AE3-6E28-482D-9B67-D327E87F2375}.Debug|Any CPU.ActiveCfg = Debug|Any CPU
		{FA979AE3-6E28-482D-9B67-D327E87F2375}.Debug|Any CPU.Build.0 = Debug|Any CPU
		{FA979AE3-6E28-482D-9B67-D327E87F2375}.Release|Any CPU.ActiveCfg = Release|Any CPU
		{FA979AE3-6E28-482D-9B67-D327E87F2375}.Release|Any CPU.Build.0 = Release|Any CPU
	EndGlobalSection
	GlobalSection(SolutionProperties) = preSolution
		HideSolutionNode = FALSE
	EndGlobalSection
	GlobalSection(ExtensibilityGlobals) = postSolution
		SolutionGuid = {2F35E64F-A0AE-408C-B552-90A9003732D9}
	EndGlobalSection
EndGlobal
